// !$*UTF8*$!
{
	archiveVersion = 1;
	classes = {
	};
	objectVersion = 50;
	objects = {

/* Begin PBXBuildFile section */
		B402D0A023E8D86300F60052 /* AppDelegate.swift in Sources */ = {isa = PBXBuildFile; fileRef = B402D09F23E8D86300F60052 /* AppDelegate.swift */; };
		B402D0A223E8D86300F60052 /* SceneDelegate.swift in Sources */ = {isa = PBXBuildFile; fileRef = B402D0A123E8D86300F60052 /* SceneDelegate.swift */; };
		B402D0A423E8D86300F60052 /* ViewController.swift in Sources */ = {isa = PBXBuildFile; fileRef = B402D0A323E8D86300F60052 /* ViewController.swift */; };
		B402D0A723E8D86300F60052 /* Main.storyboard in Resources */ = {isa = PBXBuildFile; fileRef = B402D0A523E8D86300F60052 /* Main.storyboard */; };
		B402D0A923E8D86600F60052 /* Assets.xcassets in Resources */ = {isa = PBXBuildFile; fileRef = B402D0A823E8D86600F60052 /* Assets.xcassets */; };
		B402D0AC23E8D86600F60052 /* LaunchScreen.storyboard in Resources */ = {isa = PBXBuildFile; fileRef = B402D0AA23E8D86600F60052 /* LaunchScreen.storyboard */; };
		B402D0CF23E8DB1400F60052 /* Imagejhgf.png in Resources */ = {isa = PBXBuildFile; fileRef = B402D0CD23E8DB1400F60052 /* Imagejhgf.png */; };
		B44E9D2123EACDA00013C4C0 /* Attractions.storyboard in Resources */ = {isa = PBXBuildFile; fileRef = B44E9D2023EACDA00013C4C0 /* Attractions.storyboard */; };
		B44E9D2B23EACE7A0013C4C0 /* Rectangle 2.1.png in Resources */ = {isa = PBXBuildFile; fileRef = B44E9D2223EACE7A0013C4C0 /* Rectangle 2.1.png */; };
		B44E9D2C23EACE7A0013C4C0 /* briefcase2x.png in Resources */ = {isa = PBXBuildFile; fileRef = B44E9D2323EACE7A0013C4C0 /* briefcase2x.png */; };
		B44E9D2D23EACE7A0013C4C0 /* Rectangle 2.2.png in Resources */ = {isa = PBXBuildFile; fileRef = B44E9D2423EACE7A0013C4C0 /* Rectangle 2.2.png */; };
		B44E9D2F23EACE7A0013C4C0 /* playstore.png in Resources */ = {isa = PBXBuildFile; fileRef = B44E9D2623EACE7A0013C4C0 /* playstore.png */; };
		B44E9D3023EACE7A0013C4C0 /* Rectangle 2.3.png in Resources */ = {isa = PBXBuildFile; fileRef = B44E9D2723EACE7A0013C4C0 /* Rectangle 2.3.png */; };
		B44E9D3123EACE7A0013C4C0 /* Rectangle 2.png in Resources */ = {isa = PBXBuildFile; fileRef = B44E9D2823EACE7A0013C4C0 /* Rectangle 2.png */; };
		B44E9D3223EACE7A0013C4C0 /* XMLID 1449.png in Resources */ = {isa = PBXBuildFile; fileRef = B44E9D2923EACE7A0013C4C0 /* XMLID 1449.png */; };
		B44E9D3323EACE7A0013C4C0 /* Must see.png in Resources */ = {isa = PBXBuildFile; fileRef = B44E9D2A23EACE7A0013C4C0 /* Must see.png */; };
		B44E9D5423EB20290013C4C0 /* menu hamburger.png in Resources */ = {isa = PBXBuildFile; fileRef = B44E9D5223EB20290013C4C0 /* menu hamburger.png */; };
		B44E9D5523EB20290013C4C0 /* map-pin.png in Resources */ = {isa = PBXBuildFile; fileRef = B44E9D5323EB20290013C4C0 /* map-pin.png */; };
		B44E9D5723EB233D0013C4C0 /* Colo.png in Resources */ = {isa = PBXBuildFile; fileRef = B44E9D5623EB233D0013C4C0 /* Colo.png */; };
		B44E9D5B23EB281D0013C4C0 /* TreviFountain.png in Resources */ = {isa = PBXBuildFile; fileRef = B44E9D5923EB281D0013C4C0 /* TreviFountain.png */; };
		B44E9D5E23EB28F00013C4C0 /* Castel.png in Resources */ = {isa = PBXBuildFile; fileRef = B44E9D5C23EB28F00013C4C0 /* Castel.png */; };
		B48220E223EC41720069654C /* FirstViewController.swift in Sources */ = {isa = PBXBuildFile; fileRef = B48220E123EC41720069654C /* FirstViewController.swift */; };
		B48220E723EC73A00069654C /* Architecture.png in Resources */ = {isa = PBXBuildFile; fileRef = B48220E323EC73A00069654C /* Architecture.png */; };
		B48220E823EC73A00069654C /* Museums.png in Resources */ = {isa = PBXBuildFile; fileRef = B48220E423EC73A00069654C /* Museums.png */; };
		B48220E923EC73A00069654C /* Cultural.png in Resources */ = {isa = PBXBuildFile; fileRef = B48220E523EC73A00069654C /* Cultural.png */; };
		B48220EA23EC73A00069654C /* Southern Rome.png in Resources */ = {isa = PBXBuildFile; fileRef = B48220E623EC73A00069654C /* Southern Rome.png */; };
		B48220EC23EC77F80069654C /* Information.storyboard in Resources */ = {isa = PBXBuildFile; fileRef = B48220EB23EC77F80069654C /* Information.storyboard */; };
/* End PBXBuildFile section */

/* Begin PBXFileReference section */
		B402D09C23E8D86300F60052 /* Hotelify2.app */ = {isa = PBXFileReference; explicitFileType = wrapper.application; includeInIndex = 0; path = Hotelify2.app; sourceTree = BUILT_PRODUCTS_DIR; };
		B402D09F23E8D86300F60052 /* AppDelegate.swift */ = {isa = PBXFileReference; lastKnownFileType = sourcecode.swift; path = AppDelegate.swift; sourceTree = "<group>"; };
		B402D0A123E8D86300F60052 /* SceneDelegate.swift */ = {isa = PBXFileReference; lastKnownFileType = sourcecode.swift; path = SceneDelegate.swift; sourceTree = "<group>"; };
		B402D0A323E8D86300F60052 /* ViewController.swift */ = {isa = PBXFileReference; lastKnownFileType = sourcecode.swift; path = ViewController.swift; sourceTree = "<group>"; };
		B402D0A623E8D86300F60052 /* Base */ = {isa = PBXFileReference; lastKnownFileType = file.storyboard; name = Base; path = Base.lproj/Main.storyboard; sourceTree = "<group>"; };
		B402D0A823E8D86600F60052 /* Assets.xcassets */ = {isa = PBXFileReference; lastKnownFileType = folder.assetcatalog; path = Assets.xcassets; sourceTree = "<group>"; };
		B402D0AB23E8D86600F60052 /* Base */ = {isa = PBXFileReference; lastKnownFileType = file.storyboard; name = Base; path = Base.lproj/LaunchScreen.storyboard; sourceTree = "<group>"; };
		B402D0AD23E8D86600F60052 /* Info.plist */ = {isa = PBXFileReference; lastKnownFileType = text.plist.xml; path = Info.plist; sourceTree = "<group>"; };
		B402D0CD23E8DB1400F60052 /* Imagejhgf.png */ = {isa = PBXFileReference; lastKnownFileType = image.png; path = Imagejhgf.png; sourceTree = "<group>"; };
		B44E9D2023EACDA00013C4C0 /* Attractions.storyboard */ = {isa = PBXFileReference; lastKnownFileType = file.storyboard; path = Attractions.storyboard; sourceTree = "<group>"; };
		B44E9D2223EACE7A0013C4C0 /* Rectangle 2.1.png */ = {isa = PBXFileReference; lastKnownFileType = image.png; path = "Rectangle 2.1.png"; sourceTree = "<group>"; };
		B44E9D2323EACE7A0013C4C0 /* briefcase2x.png */ = {isa = PBXFileReference; lastKnownFileType = image.png; path = briefcase2x.png; sourceTree = "<group>"; };
		B44E9D2423EACE7A0013C4C0 /* Rectangle 2.2.png */ = {isa = PBXFileReference; lastKnownFileType = image.png; path = "Rectangle 2.2.png"; sourceTree = "<group>"; };
		B44E9D2623EACE7A0013C4C0 /* playstore.png */ = {isa = PBXFileReference; lastKnownFileType = image.png; path = playstore.png; sourceTree = "<group>"; };
		B44E9D2723EACE7A0013C4C0 /* Rectangle 2.3.png */ = {isa = PBXFileReference; lastKnownFileType = image.png; path = "Rectangle 2.3.png"; sourceTree = "<group>"; };
		B44E9D2823EACE7A0013C4C0 /* Rectangle 2.png */ = {isa = PBXFileReference; lastKnownFileType = image.png; path = "Rectangle 2.png"; sourceTree = "<group>"; };
		B44E9D2923EACE7A0013C4C0 /* XMLID 1449.png */ = {isa = PBXFileReference; lastKnownFileType = image.png; path = "XMLID 1449.png"; sourceTree = "<group>"; };
		B44E9D2A23EACE7A0013C4C0 /* Must see.png */ = {isa = PBXFileReference; lastKnownFileType = image.png; path = "Must see.png"; sourceTree = "<group>"; };
		B44E9D5223EB20290013C4C0 /* menu hamburger.png */ = {isa = PBXFileReference; lastKnownFileType = image.png; path = "menu hamburger.png"; sourceTree = "<group>"; };
		B44E9D5323EB20290013C4C0 /* map-pin.png */ = {isa = PBXFileReference; lastKnownFileType = image.png; path = "map-pin.png"; sourceTree = "<group>"; };
		B44E9D5623EB233D0013C4C0 /* Colo.png */ = {isa = PBXFileReference; lastKnownFileType = image.png; path = Colo.png; sourceTree = "<group>"; };
		B44E9D5923EB281D0013C4C0 /* TreviFountain.png */ = {isa = PBXFileReference; lastKnownFileType = image.png; path = TreviFountain.png; sourceTree = "<group>"; };
		B44E9D5C23EB28F00013C4C0 /* Castel.png */ = {isa = PBXFileReference; lastKnownFileType = image.png; name = Castel.png; path = ../../../../Downloads/AppIcons/Castel.png; sourceTree = "<group>"; };
		B48220E123EC41720069654C /* FirstViewController.swift */ = {isa = PBXFileReference; lastKnownFileType = sourcecode.swift; path = FirstViewController.swift; sourceTree = "<group>"; };
		B48220E323EC73A00069654C /* Architecture.png */ = {isa = PBXFileReference; lastKnownFileType = image.png; path = Architecture.png; sourceTree = "<group>"; };
		B48220E423EC73A00069654C /* Museums.png */ = {isa = PBXFileReference; lastKnownFileType = image.png; path = Museums.png; sourceTree = "<group>"; };
		B48220E523EC73A00069654C /* Cultural.png */ = {isa = PBXFileReference; lastKnownFileType = image.png; path = Cultural.png; sourceTree = "<group>"; };
		B48220E623EC73A00069654C /* Southern Rome.png */ = {isa = PBXFileReference; lastKnownFileType = image.png; path = "Southern Rome.png"; sourceTree = "<group>"; };
		B48220EB23EC77F80069654C /* Information.storyboard */ = {isa = PBXFileReference; lastKnownFileType = file.storyboard; path = Information.storyboard; sourceTree = "<group>"; };
/* End PBXFileReference section */

/* Begin PBXFrameworksBuildPhase section */
		B402D09923E8D86300F60052 /* Frameworks */ = {
			isa = PBXFrameworksBuildPhase;
			buildActionMask = 2147483647;
			files = (
			);
			runOnlyForDeploymentPostprocessing = 0;
		};
/* End PBXFrameworksBuildPhase section */

/* Begin PBXGroup section */
		B402D09323E8D86300F60052 = {
			isa = PBXGroup;
			children = (
				B402D09E23E8D86300F60052 /* Hotelify2 */,
				B402D09D23E8D86300F60052 /* Products */,
			);
			sourceTree = "<group>";
		};
		B402D09D23E8D86300F60052 /* Products */ = {
			isa = PBXGroup;
			children = (
				B402D09C23E8D86300F60052 /* Hotelify2.app */,
			);
			name = Products;
			sourceTree = "<group>";
		};
		B402D09E23E8D86300F60052 /* Hotelify2 */ = {
			isa = PBXGroup;
			children = (
				B48220E123EC41720069654C /* FirstViewController.swift */,
				B402D0CB23E8DAFB00F60052 /* Images */,
				B402D09F23E8D86300F60052 /* AppDelegate.swift */,
				B402D0A123E8D86300F60052 /* SceneDelegate.swift */,
				B402D0A323E8D86300F60052 /* ViewController.swift */,
				B402D0A523E8D86300F60052 /* Main.storyboard */,
				B402D0A823E8D86600F60052 /* Assets.xcassets */,
				B402D0AA23E8D86600F60052 /* LaunchScreen.storyboard */,
				B402D0AD23E8D86600F60052 /* Info.plist */,
				B44E9D2023EACDA00013C4C0 /* Attractions.storyboard */,
				B48220EB23EC77F80069654C /* Information.storyboard */,
			);
			path = Hotelify2;
			sourceTree = "<group>";
		};
		B402D0CB23E8DAFB00F60052 /* Images */ = {
			isa = PBXGroup;
			children = (
				B44E9D2323EACE7A0013C4C0 /* briefcase2x.png */,
				B402D0CD23E8DB1400F60052 /* Imagejhgf.png */,
				B48220E323EC73A00069654C /* Architecture.png */,
				B48220E523EC73A00069654C /* Cultural.png */,
				B48220E423EC73A00069654C /* Museums.png */,
				B48220E623EC73A00069654C /* Southern Rome.png */,
				B44E9D5323EB20290013C4C0 /* map-pin.png */,
				B44E9D5923EB281D0013C4C0 /* TreviFountain.png */,
				B44E9D5C23EB28F00013C4C0 /* Castel.png */,
				B44E9D5223EB20290013C4C0 /* menu hamburger.png */,
				B44E9D2A23EACE7A0013C4C0 /* Must see.png */,
				B44E9D2623EACE7A0013C4C0 /* playstore.png */,
				B44E9D2223EACE7A0013C4C0 /* Rectangle 2.1.png */,
				B44E9D2423EACE7A0013C4C0 /* Rectangle 2.2.png */,
				B44E9D5623EB233D0013C4C0 /* Colo.png */,
				B44E9D2723EACE7A0013C4C0 /* Rectangle 2.3.png */,
				B44E9D2823EACE7A0013C4C0 /* Rectangle 2.png */,
				B44E9D2923EACE7A0013C4C0 /* XMLID 1449.png */,
			);
			path = Images;
			sourceTree = "<group>";
		};
/* End PBXGroup section */

/* Begin PBXNativeTarget section */
		B402D09B23E8D86300F60052 /* Hotelify2 */ = {
			isa = PBXNativeTarget;
			buildConfigurationList = B402D0B023E8D86600F60052 /* Build configuration list for PBXNativeTarget "Hotelify2" */;
			buildPhases = (
				B402D09823E8D86300F60052 /* Sources */,
				B402D09923E8D86300F60052 /* Frameworks */,
				B402D09A23E8D86300F60052 /* Resources */,
			);
			buildRules = (
			);
			dependencies = (
			);
			name = Hotelify2;
			productName = Hotelify2;
			productReference = B402D09C23E8D86300F60052 /* Hotelify2.app */;
			productType = "com.apple.product-type.application";
		};
/* End PBXNativeTarget section */

/* Begin PBXProject section */
		B402D09423E8D86300F60052 /* Project object */ = {
			isa = PBXProject;
			attributes = {
				LastSwiftUpdateCheck = 1130;
				LastUpgradeCheck = 1130;
				ORGANIZATIONNAME = "Andy Kwesi";
				TargetAttributes = {
					B402D09B23E8D86300F60052 = {
						CreatedOnToolsVersion = 11.3.1;
					};
				};
			};
			buildConfigurationList = B402D09723E8D86300F60052 /* Build configuration list for PBXProject "Hotelify2" */;
			compatibilityVersion = "Xcode 9.3";
			developmentRegion = en;
			hasScannedForEncodings = 0;
			knownRegions = (
				en,
				Base,
			);
			mainGroup = B402D09323E8D86300F60052;
			productRefGroup = B402D09D23E8D86300F60052 /* Products */;
			projectDirPath = "";
			projectRoot = "";
			targets = (
				B402D09B23E8D86300F60052 /* Hotelify2 */,
			);
		};
/* End PBXProject section */

/* Begin PBXResourcesBuildPhase section */
		B402D09A23E8D86300F60052 /* Resources */ = {
			isa = PBXResourcesBuildPhase;
			buildActionMask = 2147483647;
			files = (
				B48220EC23EC77F80069654C /* Information.storyboard in Resources */,
				B44E9D3123EACE7A0013C4C0 /* Rectangle 2.png in Resources */,
				B44E9D5423EB20290013C4C0 /* menu hamburger.png in Resources */,
				B402D0AC23E8D86600F60052 /* LaunchScreen.storyboard in Resources */,
				B48220EA23EC73A00069654C /* Southern Rome.png in Resources */,
				B44E9D2123EACDA00013C4C0 /* Attractions.storyboard in Resources */,
				B48220E923EC73A00069654C /* Cultural.png in Resources */,
				B402D0A923E8D86600F60052 /* Assets.xcassets in Resources */,
				B402D0A723E8D86300F60052 /* Main.storyboard in Resources */,
				B44E9D3023EACE7A0013C4C0 /* Rectangle 2.3.png in Resources */,
				B44E9D2D23EACE7A0013C4C0 /* Rectangle 2.2.png in Resources */,
				B44E9D5723EB233D0013C4C0 /* Colo.png in Resources */,
				B48220E723EC73A00069654C /* Architecture.png in Resources */,
				B44E9D5523EB20290013C4C0 /* map-pin.png in Resources */,
				B44E9D2B23EACE7A0013C4C0 /* Rectangle 2.1.png in Resources */,
				B44E9D5B23EB281D0013C4C0 /* TreviFountain.png in Resources */,
				B44E9D2C23EACE7A0013C4C0 /* briefcase2x.png in Resources */,
				B44E9D5E23EB28F00013C4C0 /* Castel.png in Resources */,
				B44E9D3323EACE7A0013C4C0 /* Must see.png in Resources */,
				B44E9D3223EACE7A0013C4C0 /* XMLID 1449.png in Resources */,
				B48220E823EC73A00069654C /* Museums.png in Resources */,
				B44E9D2F23EACE7A0013C4C0 /* playstore.png in Resources */,
				B402D0CF23E8DB1400F60052 /* Imagejhgf.png in Resources */,
			);
			runOnlyForDeploymentPostprocessing = 0;
		};
/* End PBXResourcesBuildPhase section */

/* Begin PBXSourcesBuildPhase section */
		B402D09823E8D86300F60052 /* Sources */ = {
			isa = PBXSourcesBuildPhase;
			buildActionMask = 2147483647;
			files = (
				B402D0A423E8D86300F60052 /* ViewController.swift in Sources */,
				B402D0A023E8D86300F60052 /* AppDelegate.swift in Sources */,
				B402D0A223E8D86300F60052 /* SceneDelegate.swift in Sources */,
				B48220E223EC41720069654C /* FirstViewController.swift in Sources */,
			);
			runOnlyForDeploymentPostprocessing = 0;
		};
/* End PBXSourcesBuildPhase section */

/* Begin PBXVariantGroup section */
		B402D0A523E8D86300F60052 /* Main.storyboard */ = {
			isa = PBXVariantGroup;
			children = (
				B402D0A623E8D86300F60052 /* Base */,
			);
			name = Main.storyboard;
			sourceTree = "<group>";
		};
		B402D0AA23E8D86600F60052 /* LaunchScreen.storyboard */ = {
			isa = PBXVariantGroup;
			children = (
				B402D0AB23E8D86600F60052 /* Base */,
			);
			name = LaunchScreen.storyboard;
			sourceTree = "<group>";
		};
/* End PBXVariantGroup section */

/* Begin XCBuildConfiguration section */
		B402D0AE23E8D86600F60052 /* Debug */ = {
			isa = XCBuildConfiguration;
			buildSettings = {
				ALWAYS_SEARCH_USER_PATHS = NO;
				CLANG_ANALYZER_NONNULL = YES;
				CLANG_ANALYZER_NUMBER_OBJECT_CONVERSION = YES_AGGRESSIVE;
				CLANG_CXX_LANGUAGE_STANDARD = "gnu++14";
				CLANG_CXX_LIBRARY = "libc++";
				CLANG_ENABLE_MODULES = YES;
				CLANG_ENABLE_OBJC_ARC = YES;
				CLANG_ENABLE_OBJC_WEAK = YES;
				CLANG_WARN_BLOCK_CAPTURE_AUTORELEASING = YES;
				CLANG_WARN_BOOL_CONVERSION = YES;
				CLANG_WARN_COMMA = YES;
				CLANG_WARN_CONSTANT_CONVERSION = YES;
				CLANG_WARN_DEPRECATED_OBJC_IMPLEMENTATIONS = YES;
				CLANG_WARN_DIRECT_OBJC_ISA_USAGE = YES_ERROR;
				CLANG_WARN_DOCUMENTATION_COMMENTS = YES;
				CLANG_WARN_EMPTY_BODY = YES;
				CLANG_WARN_ENUM_CONVERSION = YES;
				CLANG_WARN_INFINITE_RECURSION = YES;
				CLANG_WARN_INT_CONVERSION = YES;
				CLANG_WARN_NON_LITERAL_NULL_CONVERSION = YES;
				CLANG_WARN_OBJC_IMPLICIT_RETAIN_SELF = YES;
				CLANG_WARN_OBJC_LITERAL_CONVERSION = YES;
				CLANG_WARN_OBJC_ROOT_CLASS = YES_ERROR;
				CLANG_WARN_RANGE_LOOP_ANALYSIS = YES;
				CLANG_WARN_STRICT_PROTOTYPES = YES;
				CLANG_WARN_SUSPICIOUS_MOVE = YES;
				CLANG_WARN_UNGUARDED_AVAILABILITY = YES_AGGRESSIVE;
				CLANG_WARN_UNREACHABLE_CODE = YES;
				CLANG_WARN__DUPLICATE_METHOD_MATCH = YES;
				COPY_PHASE_STRIP = NO;
				DEBUG_INFORMATION_FORMAT = dwarf;
				ENABLE_STRICT_OBJC_MSGSEND = YES;
				ENABLE_TESTABILITY = YES;
				GCC_C_LANGUAGE_STANDARD = gnu11;
				GCC_DYNAMIC_NO_PIC = NO;
				GCC_NO_COMMON_BLOCKS = YES;
				GCC_OPTIMIZATION_LEVEL = 0;
				GCC_PREPROCESSOR_DEFINITIONS = (
					"DEBUG=1",
					"$(inherited)",
				);
				GCC_WARN_64_TO_32_BIT_CONVERSION = YES;
				GCC_WARN_ABOUT_RETURN_TYPE = YES_ERROR;
				GCC_WARN_UNDECLARED_SELECTOR = YES;
				GCC_WARN_UNINITIALIZED_AUTOS = YES_AGGRESSIVE;
				GCC_WARN_UNUSED_FUNCTION = YES;
				GCC_WARN_UNUSED_VARIABLE = YES;
				IPHONEOS_DEPLOYMENT_TARGET = 13.2;
				MTL_ENABLE_DEBUG_INFO = INCLUDE_SOURCE;
				MTL_FAST_MATH = YES;
				ONLY_ACTIVE_ARCH = YES;
				SDKROOT = iphoneos;
				SWIFT_ACTIVE_COMPILATION_CONDITIONS = DEBUG;
				SWIFT_OPTIMIZATION_LEVEL = "-Onone";
			};
			name = Debug;
		};
		B402D0AF23E8D86600F60052 /* Release */ = {
			isa = XCBuildConfiguration;
			buildSettings = {
				ALWAYS_SEARCH_USER_PATHS = NO;
				CLANG_ANALYZER_NONNULL = YES;
				CLANG_ANALYZER_NUMBER_OBJECT_CONVERSION = YES_AGGRESSIVE;
				CLANG_CXX_LANGUAGE_STANDARD = "gnu++14";
				CLANG_CXX_LIBRARY = "libc++";
				CLANG_ENABLE_MODULES = YES;
				CLANG_ENABLE_OBJC_ARC = YES;
				CLANG_ENABLE_OBJC_WEAK = YES;
				CLANG_WARN_BLOCK_CAPTURE_AUTORELEASING = YES;
				CLANG_WARN_BOOL_CONVERSION = YES;
				CLANG_WARN_COMMA = YES;
				CLANG_WARN_CONSTANT_CONVERSION = YES;
				CLANG_WARN_DEPRECATED_OBJC_IMPLEMENTATIONS = YES;
				CLANG_WARN_DIRECT_OBJC_ISA_USAGE = YES_ERROR;
				CLANG_WARN_DOCUMENTATION_COMMENTS = YES;
				CLANG_WARN_EMPTY_BODY = YES;
				CLANG_WARN_ENUM_CONVERSION = YES;
				CLANG_WARN_INFINITE_RECURSION = YES;
				CLANG_WARN_INT_CONVERSION = YES;
				CLANG_WARN_NON_LITERAL_NULL_CONVERSION = YES;
				CLANG_WARN_OBJC_IMPLICIT_RETAIN_SELF = YES;
				CLANG_WARN_OBJC_LITERAL_CONVERSION = YES;
				CLANG_WARN_OBJC_ROOT_CLASS = YES_ERROR;
				CLANG_WARN_RANGE_LOOP_ANALYSIS = YES;
				CLANG_WARN_STRICT_PROTOTYPES = YES;
				CLANG_WARN_SUSPICIOUS_MOVE = YES;
				CLANG_WARN_UNGUARDED_AVAILABILITY = YES_AGGRESSIVE;
				CLANG_WARN_UNREACHABLE_CODE = YES;
				CLANG_WARN__DUPLICATE_METHOD_MATCH = YES;
				COPY_PHASE_STRIP = NO;
				DEBUG_INFORMATION_FORMAT = "dwarf-with-dsym";
				ENABLE_NS_ASSERTIONS = NO;
				ENABLE_STRICT_OBJC_MSGSEND = YES;
				GCC_C_LANGUAGE_STANDARD = gnu11;
				GCC_NO_COMMON_BLOCKS = YES;
				GCC_WARN_64_TO_32_BIT_CONVERSION = YES;
				GCC_WARN_ABOUT_RETURN_TYPE = YES_ERROR;
				GCC_WARN_UNDECLARED_SELECTOR = YES;
				GCC_WARN_UNINITIALIZED_AUTOS = YES_AGGRESSIVE;
				GCC_WARN_UNUSED_FUNCTION = YES;
				GCC_WARN_UNUSED_VARIABLE = YES;
				IPHONEOS_DEPLOYMENT_TARGET = 13.2;
				MTL_ENABLE_DEBUG_INFO = NO;
				MTL_FAST_MATH = YES;
				SDKROOT = iphoneos;
				SWIFT_COMPILATION_MODE = wholemodule;
				SWIFT_OPTIMIZATION_LEVEL = "-O";
				VALIDATE_PRODUCT = YES;
			};
			name = Release;
		};
		B402D0B123E8D86600F60052 /* Debug */ = {
			isa = XCBuildConfiguration;
			buildSettings = {
				ASSETCATALOG_COMPILER_APPICON_NAME = AppIcon;
				CODE_SIGN_STYLE = Automatic;
				DEVELOPMENT_TEAM = VLNDXWWGRC;
				INFOPLIST_FILE = Hotelify2/Info.plist;
				IPHONEOS_DEPLOYMENT_TARGET = 11.0;
				LD_RUNPATH_SEARCH_PATHS = (
					"$(inherited)",
					"@executable_path/Frameworks",
				);
				PRODUCT_BUNDLE_IDENTIFIER = demo.Hotelify2;
				PRODUCT_NAME = "$(TARGET_NAME)";
				SWIFT_VERSION = 5.0;
				TARGETED_DEVICE_FAMILY = "1,2";
			};
			name = Debug;
		};
		B402D0B223E8D86600F60052 /* Release */ = {
			isa = XCBuildConfiguration;
			buildSettings = {
				ASSETCATALOG_COMPILER_APPICON_NAME = AppIcon;
				CODE_SIGN_STYLE = Automatic;
				DEVELOPMENT_TEAM = VLNDXWWGRC;
				INFOPLIST_FILE = Hotelify2/Info.plist;
				IPHONEOS_DEPLOYMENT_TARGET = 11.0;
				LD_RUNPATH_SEARCH_PATHS = (
					"$(inherited)",
					"@executable_path/Frameworks",
				);
				PRODUCT_BUNDLE_IDENTIFIER = demo.Hotelify2;
				PRODUCT_NAME = "$(TARGET_NAME)";
				SWIFT_VERSION = 5.0;
				TARGETED_DEVICE_FAMILY = "1,2";
			};
			name = Release;
		};
/* End XCBuildConfiguration section */

/* Begin XCConfigurationList section */
		B402D09723E8D86300F60052 /* Build configuration list for PBXProject "Hotelify2" */ = {
			isa = XCConfigurationList;
			buildConfigurations = (
				B402D0AE23E8D86600F60052 /* Debug */,
				B402D0AF23E8D86600F60052 /* Release */,
			);
			defaultConfigurationIsVisible = 0;
			defaultConfigurationName = Release;
		};
		B402D0B023E8D86600F60052 /* Build configuration list for PBXNativeTarget "Hotelify2" */ = {
			isa = XCConfigurationList;
			buildConfigurations = (
				B402D0B123E8D86600F60052 /* Debug */,
				B402D0B223E8D86600F60052 /* Release */,
			);
			defaultConfigurationIsVisible = 0;
			defaultConfigurationName = Release;
		};
/* End XCConfigurationList section */
	};
	rootObject = B402D09423E8D86300F60052 /* Project object */;
}
